{
  "version": 4,
  "terraform_version": "1.9.8",
  "serial": 213,
  "lineage": "b385e2c2-d2e4-cf16-cd06-0f1c20a2ee94",
  "outputs": {},
  "resources": [
    {
      "mode": "managed",
      "type": "azurerm_lb",
      "name": "app_lb",
      "provider": "provider[\"registry.terraform.io/hashicorp/azurerm\"]",
      "instances": [
        {
          "schema_version": 0,
          "attributes": {
            "edge_zone": "",
            "frontend_ip_configuration": [
              {
                "gateway_load_balancer_frontend_ip_configuration_id": "",
                "id": "/subscriptions/be7ebec7-a92e-49fb-9895-d67064b96db3/resourceGroups/tomcat-app-grp/providers/Microsoft.Network/loadBalancers/apache-app-lb/frontendIPConfigurations/publicIP",
                "inbound_nat_rules": [],
                "load_balancer_rules": [],
                "name": "publicIP",
                "outbound_rules": [],
                "private_ip_address": "",
                "private_ip_address_allocation": "Dynamic",
                "private_ip_address_version": "",
                "public_ip_address_id": "/subscriptions/be7ebec7-a92e-49fb-9895-d67064b96db3/resourceGroups/tomcat-app-grp/providers/Microsoft.Network/publicIPAddresses/LB-public-ip",
                "public_ip_prefix_id": "",
                "subnet_id": "",
                "zones": null
              }
            ],
            "id": "/subscriptions/be7ebec7-a92e-49fb-9895-d67064b96db3/resourceGroups/tomcat-app-grp/providers/Microsoft.Network/loadBalancers/apache-app-lb",
            "location": "northeurope",
            "name": "apache-app-lb",
            "private_ip_address": "",
            "private_ip_addresses": [],
            "resource_group_name": "tomcat-app-grp",
            "sku": "Standard",
            "sku_tier": "Regional",
            "tags": null,
            "timeouts": null
          },
          "sensitive_attributes": [],
          "private": "eyJlMmJmYjczMC1lY2FhLTExZTYtOGY4OC0zNDM2M2JjN2M0YzAiOnsiY3JlYXRlIjoxODAwMDAwMDAwMDAwLCJkZWxldGUiOjE4MDAwMDAwMDAwMDAsInJlYWQiOjMwMDAwMDAwMDAwMCwidXBkYXRlIjoxODAwMDAwMDAwMDAwfX0=",
          "dependencies": [
            "azurerm_public_ip.public_ip_lb",
            "azurerm_resource_group.tomcat-rg"
          ]
        }
      ]
    },
    {
      "mode": "managed",
      "type": "azurerm_lb_backend_address_pool",
      "name": "app_lb_backend",
      "provider": "provider[\"registry.terraform.io/hashicorp/azurerm\"]",
      "instances": [
        {
          "schema_version": 0,
          "attributes": {
            "backend_ip_configurations": [],
            "id": "/subscriptions/be7ebec7-a92e-49fb-9895-d67064b96db3/resourceGroups/tomcat-app-grp/providers/Microsoft.Network/loadBalancers/apache-app-lb/backendAddressPools/tomcat-vms",
            "inbound_nat_rules": [],
            "load_balancing_rules": [],
            "loadbalancer_id": "/subscriptions/be7ebec7-a92e-49fb-9895-d67064b96db3/resourceGroups/tomcat-app-grp/providers/Microsoft.Network/loadBalancers/apache-app-lb",
            "name": "tomcat-vms",
            "outbound_rules": [],
            "synchronous_mode": "",
            "timeouts": null,
            "tunnel_interface": [],
            "virtual_network_id": ""
          },
          "sensitive_attributes": [],
          "private": "eyJlMmJmYjczMC1lY2FhLTExZTYtOGY4OC0zNDM2M2JjN2M0YzAiOnsiY3JlYXRlIjoxODAwMDAwMDAwMDAwLCJkZWxldGUiOjE4MDAwMDAwMDAwMDAsInJlYWQiOjMwMDAwMDAwMDAwMCwidXBkYXRlIjoxODAwMDAwMDAwMDAwfX0=",
          "dependencies": [
            "azurerm_lb.app_lb",
            "azurerm_public_ip.public_ip_lb",
            "azurerm_resource_group.tomcat-rg"
          ]
        }
      ]
    },
    {
      "mode": "managed",
      "type": "azurerm_lb_rule",
      "name": "lb_rule",
      "provider": "provider[\"registry.terraform.io/hashicorp/azurerm\"]",
      "instances": [
        {
          "schema_version": 0,
          "attributes": {
            "backend_address_pool_ids": [
              "/subscriptions/be7ebec7-a92e-49fb-9895-d67064b96db3/resourceGroups/tomcat-app-grp/providers/Microsoft.Network/loadBalancers/apache-app-lb/backendAddressPools/tomcat-vms"
            ],
            "backend_port": 80,
            "disable_outbound_snat": false,
            "enable_floating_ip": false,
            "enable_tcp_reset": false,
            "frontend_ip_configuration_id": "/subscriptions/be7ebec7-a92e-49fb-9895-d67064b96db3/resourceGroups/tomcat-app-grp/providers/Microsoft.Network/loadBalancers/apache-app-lb/frontendIPConfigurations/publicIP",
            "frontend_ip_configuration_name": "publicIP",
            "frontend_port": 80,
            "id": "/subscriptions/be7ebec7-a92e-49fb-9895-d67064b96db3/resourceGroups/tomcat-app-grp/providers/Microsoft.Network/loadBalancers/apache-app-lb/loadBalancingRules/LBRule",
            "idle_timeout_in_minutes": 4,
            "load_distribution": "Default",
            "loadbalancer_id": "/subscriptions/be7ebec7-a92e-49fb-9895-d67064b96db3/resourceGroups/tomcat-app-grp/providers/Microsoft.Network/loadBalancers/apache-app-lb",
            "name": "LBRule",
            "probe_id": "",
            "protocol": "Tcp",
            "timeouts": null
          },
          "sensitive_attributes": [],
          "private": "eyJlMmJmYjczMC1lY2FhLTExZTYtOGY4OC0zNDM2M2JjN2M0YzAiOnsiY3JlYXRlIjoxODAwMDAwMDAwMDAwLCJkZWxldGUiOjE4MDAwMDAwMDAwMDAsInJlYWQiOjMwMDAwMDAwMDAwMCwidXBkYXRlIjoxODAwMDAwMDAwMDAwfX0=",
          "dependencies": [
            "azurerm_lb.app_lb",
            "azurerm_lb_backend_address_pool.app_lb_backend",
            "azurerm_public_ip.public_ip_lb",
            "azurerm_resource_group.tomcat-rg"
          ]
        }
      ]
    },
    {
      "mode": "managed",
      "type": "azurerm_linux_virtual_machine_scale_set",
      "name": "app_vmss",
      "provider": "provider[\"registry.terraform.io/hashicorp/azurerm\"]",
      "instances": [
        {
          "schema_version": 0,
          "attributes": {
            "additional_capabilities": [],
            "admin_password": null,
            "admin_ssh_key": [
              {
                "public_key": "ssh-rsa AAAAB3NzaC1yc2EAAAADAQABAAABAQCvWwK7RdzsSjy3aibDo+A8FrmhX7dkVwdmUFJqlIrATyz3pa4TWH3PeriWObLPFLE7cJ+P34TwvBhpKkbAZrb2MW3vydBrYcIXpdh8J2CZAMIQguz8c03TH13WolYJVjTGZDY/MHxHxUJgjSBxfmAdpnc20B/ENkvsbTn1R2qfKRMI57Dq4wXGL8rHfpwiEn0XY1Y104edZI2K+Hi0e1kUymmBc96gMgJVaeEYNbxhL0c6itjOWwM6lVaMLahX4xqWH3yHzKHRFh3JA49aL5x2oI8d5fKZc3bYSxF85YsogCn+grQwd00mowAK76BXcc0iqbBw8GSGcYf4rAQrtkkL karti@Kartik",
                "username": "kartik"
              }
            ],
            "admin_username": "kartik",
            "automatic_instance_repair": [],
            "automatic_os_upgrade_policy": [],
            "boot_diagnostics": [],
            "capacity_reservation_group_id": "",
            "computer_name_prefix": "tomcat-app-vmss",
            "custom_data": null,
            "data_disk": [],
            "disable_password_authentication": true,
            "do_not_run_extensions_on_overprovisioned_machines": false,
            "edge_zone": "",
            "encryption_at_host_enabled": false,
            "eviction_policy": "",
            "extension": [],
            "extension_operations_enabled": true,
            "extensions_time_budget": "PT1H30M",
            "gallery_application": [],
            "health_probe_id": "",
            "host_group_id": null,
            "id": "/subscriptions/be7ebec7-a92e-49fb-9895-d67064b96db3/resourceGroups/tomcat-app-grp/providers/Microsoft.Compute/virtualMachineScaleSets/tomcat-app-vmss",
            "identity": [],
            "instances": 2,
            "location": "northeurope",
            "max_bid_price": -1,
            "name": "tomcat-app-vmss",
            "network_interface": [
              {
                "dns_servers": null,
                "enable_accelerated_networking": false,
                "enable_ip_forwarding": false,
                "ip_configuration": [
                  {
                    "application_gateway_backend_address_pool_ids": null,
                    "application_security_group_ids": null,
                    "load_balancer_backend_address_pool_ids": [
                      "/subscriptions/be7ebec7-a92e-49fb-9895-d67064b96db3/resourceGroups/tomcat-app-grp/providers/Microsoft.Network/loadBalancers/apache-app-lb/backendAddressPools/tomcat-vms"
                    ],
                    "load_balancer_inbound_nat_rules_ids": null,
                    "name": "internal",
                    "primary": true,
                    "public_ip_address": [],
                    "subnet_id": "/subscriptions/be7ebec7-a92e-49fb-9895-d67064b96db3/resourceGroups/tomcat-app-grp/providers/Microsoft.Network/virtualNetworks/apache-app-vnet/subnets/apache-app-subnet",
                    "version": "IPv4"
                  }
                ],
                "name": "primary",
                "network_security_group_id": "",
                "primary": true
              }
            ],
            "os_disk": [
              {
                "caching": "ReadWrite",
                "diff_disk_settings": [],
                "disk_encryption_set_id": "",
                "disk_size_gb": 30,
                "secure_vm_disk_encryption_set_id": "",
                "security_encryption_type": "",
                "storage_account_type": "Standard_LRS",
                "write_accelerator_enabled": false
              }
            ],
            "overprovision": true,
            "plan": [],
            "platform_fault_domain_count": 5,
            "priority": "Regular",
            "provision_vm_agent": true,
            "proximity_placement_group_id": "",
            "resource_group_name": "tomcat-app-grp",
            "rolling_upgrade_policy": [],
            "scale_in": [],
            "secret": [],
            "secure_boot_enabled": false,
            "single_placement_group": true,
            "sku": "Standard_B1ms",
            "source_image_id": "",
            "source_image_reference": [
              {
                "offer": "UbuntuServer",
                "publisher": "Canonical",
                "sku": "16.04-LTS",
                "version": "latest"
              }
            ],
            "spot_restore": null,
            "tags": null,
            "termination_notification": null,
            "timeouts": null,
            "unique_id": "a30348ea-af3e-4266-a149-76c6e9af4955",
            "upgrade_mode": "Manual",
            "user_data": "IyEgL3Vzci9iaW4vZW52IGJhc2gKCnNldCAtZXVvIHBpcGVmYWlsCmVjaG8gIltJTkZPXSBJbnN0YWxsaW5nIGFwYWNoZTIiCnN1ZG8gYXB0LWdldCB1cGRhdGUKYXB0LWdldCBpbnN0YWxsIC15IGFwYWNoZTIKc3VkbyBzeXN0ZW1jdGwgc3RhcnQgYXBhY2hlMgpzdWRvIHN5c3RlbWN0bCBlbmFibGUgYXBhY2hlMgoKZWNobyAiW0lORk9dIENyZWF0aW5nIGluZGV4Lmh0bWwiCmNhdCA+IC92YXIvd3d3Lmh0bWwvaW5kZXguaHRtbCA8PCBFT0YKICAgIDxoMT5IZWxsbyBBbGw8L2gxPgpFT0Y=",
            "vtpm_enabled": false,
            "zone_balance": false,
            "zones": null
          },
          "sensitive_attributes": [
            [
              {
                "type": "get_attr",
                "value": "custom_data"
              }
            ],
            [
              {
                "type": "get_attr",
                "value": "admin_password"
              }
            ]
          ],
          "private": "eyJlMmJmYjczMC1lY2FhLTExZTYtOGY4OC0zNDM2M2JjN2M0YzAiOnsiY3JlYXRlIjozNjAwMDAwMDAwMDAwLCJkZWxldGUiOjM2MDAwMDAwMDAwMDAsInJlYWQiOjMwMDAwMDAwMDAwMCwidXBkYXRlIjozNjAwMDAwMDAwMDAwfX0=",
          "dependencies": [
            "azurerm_lb.app_lb",
            "azurerm_lb_backend_address_pool.app_lb_backend",
            "azurerm_public_ip.public_ip_lb",
            "azurerm_resource_group.tomcat-rg",
            "azurerm_subnet.subnet",
            "azurerm_virtual_network.vnet"
          ]
        }
      ]
    },
    {
      "mode": "managed",
      "type": "azurerm_monitor_autoscale_setting",
      "name": "app_autoscale",
      "provider": "provider[\"registry.terraform.io/hashicorp/azurerm\"]",
      "instances": [
        {
          "schema_version": 2,
          "attributes": {
            "enabled": true,
            "id": "/subscriptions/be7ebec7-a92e-49fb-9895-d67064b96db3/resourceGroups/tomcat-app-grp/providers/Microsoft.Insights/autoScaleSettings/apache-autoscale",
            "location": "northeurope",
            "name": "apache-autoscale",
            "notification": [],
            "predictive": [],
            "profile": [
              {
                "capacity": [
                  {
                    "default": 2,
                    "maximum": 5,
                    "minimum": 2
                  }
                ],
                "fixed_date": [],
                "name": "scale-profile",
                "recurrence": [],
                "rule": [
                  {
                    "metric_trigger": [
                      {
                        "dimensions": [],
                        "divide_by_instance_count": false,
                        "metric_name": "Percentage CPU",
                        "metric_namespace": "",
                        "metric_resource_id": "/subscriptions/be7ebec7-a92e-49fb-9895-d67064b96db3/resourceGroups/tomcat-app-grp/providers/Microsoft.Compute/virtualMachineScaleSets/tomcat-app-vmss",
                        "operator": "GreaterThan",
                        "statistic": "Average",
                        "threshold": 75,
                        "time_aggregation": "Average",
                        "time_grain": "PT1M",
                        "time_window": "PT5M"
                      }
                    ],
                    "scale_action": [
                      {
                        "cooldown": "PT1M",
                        "direction": "Increase",
                        "type": "ChangeCount",
                        "value": 1
                      }
                    ]
                  },
                  {
                    "metric_trigger": [
                      {
                        "dimensions": [],
                        "divide_by_instance_count": false,
                        "metric_name": "Percentage CPU",
                        "metric_namespace": "",
                        "metric_resource_id": "/subscriptions/be7ebec7-a92e-49fb-9895-d67064b96db3/resourceGroups/tomcat-app-grp/providers/Microsoft.Compute/virtualMachineScaleSets/tomcat-app-vmss",
                        "operator": "LessThan",
                        "statistic": "Average",
                        "threshold": 30,
                        "time_aggregation": "Average",
                        "time_grain": "PT1M",
                        "time_window": "PT5M"
                      }
                    ],
                    "scale_action": [
                      {
                        "cooldown": "PT1M",
                        "direction": "Decrease",
                        "type": "ChangeCount",
                        "value": 1
                      }
                    ]
                  }
                ]
              }
            ],
            "resource_group_name": "tomcat-app-grp",
            "tags": null,
            "target_resource_id": "/subscriptions/be7ebec7-a92e-49fb-9895-d67064b96db3/resourceGroups/tomcat-app-grp/providers/Microsoft.Compute/virtualMachineScaleSets/tomcat-app-vmss",
            "timeouts": null
          },
          "sensitive_attributes": [],
          "private": "eyJlMmJmYjczMC1lY2FhLTExZTYtOGY4OC0zNDM2M2JjN2M0YzAiOnsiY3JlYXRlIjoxODAwMDAwMDAwMDAwLCJkZWxldGUiOjE4MDAwMDAwMDAwMDAsInJlYWQiOjMwMDAwMDAwMDAwMCwidXBkYXRlIjoxODAwMDAwMDAwMDAwfSwic2NoZW1hX3ZlcnNpb24iOiIyIn0=",
          "dependencies": [
            "azurerm_lb.app_lb",
            "azurerm_lb_backend_address_pool.app_lb_backend",
            "azurerm_linux_virtual_machine_scale_set.app_vmss",
            "azurerm_public_ip.public_ip_lb",
            "azurerm_resource_group.tomcat-rg",
            "azurerm_subnet.subnet",
            "azurerm_virtual_network.vnet"
          ]
        }
      ]
    },
    {
      "mode": "managed",
      "type": "azurerm_network_security_group",
      "name": "nsg",
      "provider": "provider[\"registry.terraform.io/hashicorp/azurerm\"]",
      "instances": [
        {
          "schema_version": 0,
          "attributes": {
            "id": "/subscriptions/be7ebec7-a92e-49fb-9895-d67064b96db3/resourceGroups/tomcat-app-grp/providers/Microsoft.Network/networkSecurityGroups/tomcat-app-nsg",
            "location": "northeurope",
            "name": "tomcat-app-nsg",
            "resource_group_name": "tomcat-app-grp",
            "security_rule": [
              {
                "access": "Allow",
                "description": "",
                "destination_address_prefix": "*",
                "destination_address_prefixes": [],
                "destination_application_security_group_ids": [],
                "destination_port_range": "22",
                "destination_port_ranges": [],
                "direction": "Inbound",
                "name": "allow-ssh",
                "priority": 101,
                "protocol": "Tcp",
                "source_address_prefix": "*",
                "source_address_prefixes": [],
                "source_application_security_group_ids": [],
                "source_port_range": "*",
                "source_port_ranges": []
              },
              {
                "access": "Allow",
                "description": "",
                "destination_address_prefix": "*",
                "destination_address_prefixes": [],
                "destination_application_security_group_ids": [],
                "destination_port_range": "80",
                "destination_port_ranges": [],
                "direction": "Inbound",
                "name": "allow-http",
                "priority": 100,
                "protocol": "Tcp",
                "source_address_prefix": "*",
                "source_address_prefixes": [],
                "source_application_security_group_ids": [],
                "source_port_range": "*",
                "source_port_ranges": []
              }
            ],
            "tags": null,
            "timeouts": null
          },
          "sensitive_attributes": [],
          "private": "eyJlMmJmYjczMC1lY2FhLTExZTYtOGY4OC0zNDM2M2JjN2M0YzAiOnsiY3JlYXRlIjoxODAwMDAwMDAwMDAwLCJkZWxldGUiOjE4MDAwMDAwMDAwMDAsInJlYWQiOjMwMDAwMDAwMDAwMCwidXBkYXRlIjoxODAwMDAwMDAwMDAwfX0=",
          "dependencies": [
            "azurerm_lb.app_lb",
            "azurerm_lb_backend_address_pool.app_lb_backend",
            "azurerm_linux_virtual_machine_scale_set.app_vmss",
            "azurerm_public_ip.public_ip_lb",
            "azurerm_resource_group.tomcat-rg",
            "azurerm_subnet.subnet",
            "azurerm_virtual_network.vnet"
          ]
        }
      ]
    },
    {
      "mode": "managed",
      "type": "azurerm_public_ip",
      "name": "public_ip_lb",
      "provider": "provider[\"registry.terraform.io/hashicorp/azurerm\"]",
      "instances": [
        {
          "schema_version": 0,
          "attributes": {
            "allocation_method": "Static",
            "ddos_protection_mode": "VirtualNetworkInherited",
            "ddos_protection_plan_id": null,
            "domain_name_label": null,
            "edge_zone": "",
            "fqdn": null,
            "id": "/subscriptions/be7ebec7-a92e-49fb-9895-d67064b96db3/resourceGroups/tomcat-app-grp/providers/Microsoft.Network/publicIPAddresses/LB-public-ip",
            "idle_timeout_in_minutes": 4,
            "ip_address": "52.138.249.91",
            "ip_tags": null,
            "ip_version": "IPv4",
            "location": "northeurope",
            "name": "LB-public-ip",
            "public_ip_prefix_id": null,
            "resource_group_name": "tomcat-app-grp",
            "reverse_fqdn": null,
            "sku": "Standard",
            "sku_tier": "Regional",
            "tags": null,
            "timeouts": null,
            "zones": null
          },
          "sensitive_attributes": [],
          "private": "eyJlMmJmYjczMC1lY2FhLTExZTYtOGY4OC0zNDM2M2JjN2M0YzAiOnsiY3JlYXRlIjoxODAwMDAwMDAwMDAwLCJkZWxldGUiOjE4MDAwMDAwMDAwMDAsInJlYWQiOjMwMDAwMDAwMDAwMCwidXBkYXRlIjoxODAwMDAwMDAwMDAwfX0=",
          "dependencies": [
            "azurerm_resource_group.tomcat-rg"
          ]
        }
      ]
    },
    {
      "mode": "managed",
      "type": "azurerm_resource_group",
      "name": "tomcat-rg",
      "provider": "provider[\"registry.terraform.io/hashicorp/azurerm\"]",
      "instances": [
        {
          "schema_version": 0,
          "attributes": {
            "id": "/subscriptions/be7ebec7-a92e-49fb-9895-d67064b96db3/resourceGroups/tomcat-app-grp",
            "location": "northeurope",
            "managed_by": "",
            "name": "tomcat-app-grp",
            "tags": null,
            "timeouts": null
          },
          "sensitive_attributes": [],
          "private": "eyJlMmJmYjczMC1lY2FhLTExZTYtOGY4OC0zNDM2M2JjN2M0YzAiOnsiY3JlYXRlIjo1NDAwMDAwMDAwMDAwLCJkZWxldGUiOjU0MDAwMDAwMDAwMDAsInJlYWQiOjMwMDAwMDAwMDAwMCwidXBkYXRlIjo1NDAwMDAwMDAwMDAwfX0="
        }
      ]
    },
    {
      "mode": "managed",
      "type": "azurerm_subnet",
      "name": "subnet",
      "provider": "provider[\"registry.terraform.io/hashicorp/azurerm\"]",
      "instances": [
        {
          "schema_version": 0,
          "attributes": {
            "address_prefixes": [
              "10.0.1.0/24"
            ],
            "default_outbound_access_enabled": true,
            "delegation": [],
            "id": "/subscriptions/be7ebec7-a92e-49fb-9895-d67064b96db3/resourceGroups/tomcat-app-grp/providers/Microsoft.Network/virtualNetworks/apache-app-vnet/subnets/apache-app-subnet",
            "name": "apache-app-subnet",
            "private_endpoint_network_policies": "Disabled",
            "private_link_service_network_policies_enabled": true,
            "resource_group_name": "tomcat-app-grp",
            "service_endpoint_policy_ids": null,
            "service_endpoints": null,
            "timeouts": null,
            "virtual_network_name": "apache-app-vnet"
          },
          "sensitive_attributes": [],
          "private": "eyJlMmJmYjczMC1lY2FhLTExZTYtOGY4OC0zNDM2M2JjN2M0YzAiOnsiY3JlYXRlIjoxODAwMDAwMDAwMDAwLCJkZWxldGUiOjE4MDAwMDAwMDAwMDAsInJlYWQiOjMwMDAwMDAwMDAwMCwidXBkYXRlIjoxODAwMDAwMDAwMDAwfX0=",
          "dependencies": [
            "azurerm_resource_group.tomcat-rg",
            "azurerm_virtual_network.vnet"
          ]
        }
      ]
    },
    {
      "mode": "managed",
      "type": "azurerm_subnet_network_security_group_association",
      "name": "subnet_nsg_assoc",
      "provider": "provider[\"registry.terraform.io/hashicorp/azurerm\"]",
      "instances": [
        {
          "schema_version": 0,
          "attributes": {
            "id": "/subscriptions/be7ebec7-a92e-49fb-9895-d67064b96db3/resourceGroups/tomcat-app-grp/providers/Microsoft.Network/virtualNetworks/apache-app-vnet/subnets/apache-app-subnet",
            "network_security_group_id": "/subscriptions/be7ebec7-a92e-49fb-9895-d67064b96db3/resourceGroups/tomcat-app-grp/providers/Microsoft.Network/networkSecurityGroups/tomcat-app-nsg",
            "subnet_id": "/subscriptions/be7ebec7-a92e-49fb-9895-d67064b96db3/resourceGroups/tomcat-app-grp/providers/Microsoft.Network/virtualNetworks/apache-app-vnet/subnets/apache-app-subnet",
            "timeouts": null
          },
          "sensitive_attributes": [],
          "private": "eyJlMmJmYjczMC1lY2FhLTExZTYtOGY4OC0zNDM2M2JjN2M0YzAiOnsiY3JlYXRlIjoxODAwMDAwMDAwMDAwLCJkZWxldGUiOjE4MDAwMDAwMDAwMDAsInJlYWQiOjMwMDAwMDAwMDAwMH19",
          "dependencies": [
            "azurerm_lb.app_lb",
            "azurerm_lb_backend_address_pool.app_lb_backend",
            "azurerm_linux_virtual_machine_scale_set.app_vmss",
            "azurerm_network_security_group.nsg",
            "azurerm_public_ip.public_ip_lb",
            "azurerm_resource_group.tomcat-rg",
            "azurerm_subnet.subnet",
            "azurerm_virtual_network.vnet"
          ]
        }
      ]
    },
    {
      "mode": "managed",
      "type": "azurerm_virtual_network",
      "name": "vnet",
      "provider": "provider[\"registry.terraform.io/hashicorp/azurerm\"]",
      "instances": [
        {
          "schema_version": 0,
          "attributes": {
            "address_space": [
              "10.0.0.0/16"
            ],
            "bgp_community": "",
            "ddos_protection_plan": [],
            "dns_servers": [],
            "edge_zone": "",
            "encryption": [],
            "flow_timeout_in_minutes": 0,
            "guid": "723d440f-fb1b-4760-a27b-9eb12f690c9f",
            "id": "/subscriptions/be7ebec7-a92e-49fb-9895-d67064b96db3/resourceGroups/tomcat-app-grp/providers/Microsoft.Network/virtualNetworks/apache-app-vnet",
            "location": "northeurope",
            "name": "apache-app-vnet",
            "resource_group_name": "tomcat-app-grp",
            "subnet": [],
            "tags": null,
            "timeouts": null
          },
          "sensitive_attributes": [],
          "private": "eyJlMmJmYjczMC1lY2FhLTExZTYtOGY4OC0zNDM2M2JjN2M0YzAiOnsiY3JlYXRlIjoxODAwMDAwMDAwMDAwLCJkZWxldGUiOjE4MDAwMDAwMDAwMDAsInJlYWQiOjMwMDAwMDAwMDAwMCwidXBkYXRlIjoxODAwMDAwMDAwMDAwfX0=",
          "dependencies": [
            "azurerm_resource_group.tomcat-rg"
          ]
        }
      ]
    }
  ],
  "check_results": null
}
